<?xml version="1.0" encoding="utf-8"?>
<Project ToolsVersion="4.0" xmlns="http://schemas.microsoft.com/developer/msbuild/2003">
  <ItemGroup>
    <ClCompile Include="main.cpp" />
    <ClCompile Include="test\_.cpp" />
  </ItemGroup>
  <ItemGroup>
    <ClInclude Include="processes\model-test.hpp" />
    <ClInclude Include="processes\flow-examples.hpp" />
    <ClInclude Include="processes\prediction-test.hpp" />
    <ClInclude Include="processes\flow-test.hpp" />
    <ClInclude Include="processes\network-fill-test.hpp" />
    <ClInclude Include="processes\redistribution-test.hpp" />
  </ItemGroup>
</Project>