<?xml version="1.0" encoding="utf-8"?>
<Project ToolsVersion="4.0" xmlns="http://schemas.microsoft.com/developer/msbuild/2003">
  <ItemGroup>
    <ClInclude Include="flow-relocation-model.hpp" />
    <ClInclude Include="relocation\relocation-task.hpp" />
    <ClInclude Include="relocation\relocation-unit.hpp" />
    <ClInclude Include="flow-relocation-scheduling.hpp" />
    <ClInclude Include="validation\structure\network-filling.hpp" />
    <ClInclude Include="validation\structure\node-filling.hpp" />
    <ClInclude Include="validation\structure\node-filling-definition.hpp" />
    <ClInclude Include="validation\network-filling-matrix.hpp" />
    <ClInclude Include="validation\network-filling-matrix-alteration.hpp" />
  </ItemGroup>
  <ItemGroup>
    <ClCompile Include="test\_.cpp" />
  </ItemGroup>
</Project>