<?xml version="1.0" encoding="utf-8"?>
<Project ToolsVersion="4.0" xmlns="http://schemas.microsoft.com/developer/msbuild/2003">
  <ItemGroup>
    <ClInclude Include="flow-relocation-model.hpp" />
    <ClInclude Include="relocation\relocation-task.hpp" />
    <ClInclude Include="relocation\relocation-unit.hpp" />
    <ClInclude Include="flow-relocation-simulation.hpp" />
    <ClInclude Include="filling\structure\network-filling.hpp" />
    <ClInclude Include="filling\structure\node-filling.hpp" />
    <ClInclude Include="filling\structure\node-filling-definition.hpp" />
    <ClInclude Include="filling\network-filling-matrix.hpp" />
    <ClInclude Include="filling\network-filling-matrix-alteration.hpp" />
    <ClInclude Include="configuration\threshold-configuration.hpp" />
    <ClInclude Include="relocation\relocation-limit.hpp" />
    <ClInclude Include="scheduling\flow-relocation-scheduler.hpp" />
    <ClInclude Include="scheduling\flow-relocation-scheduling-space.hpp" />
    <ClInclude Include="decision-making\fill-change-decision.hpp" />
    <ClInclude Include="decision-making\fill-greedy-algorithm.hpp" />
    <ClInclude Include="decision-making\direction-greedy-algorithm.hpp" />
    <ClInclude Include="decision-making\direction-decision.hpp" />
    <ClInclude Include="relocation\relocation-unit-state.hpp" />
    <ClInclude Include="scheduling\flow-relocation-schedule-selector.hpp" />
    <ClInclude Include="scheduling\schedule\flow-relocation-schedule.hpp" />
    <ClInclude Include="scheduling\schedule\flow-relocation-schedule-step.hpp" />
  </ItemGroup>
  <ItemGroup>
    <ClCompile Include="test\_.cpp" />
  </ItemGroup>
</Project>