<?xml version="1.0" encoding="utf-8"?>
<Project ToolsVersion="4.0" xmlns="http://schemas.microsoft.com/developer/msbuild/2003">
  <ItemGroup>
    <ClInclude Include="flow-relocation-model.hpp" />
    <ClInclude Include="relocation\relocation-unit.hpp" />
    <ClInclude Include="flow-relocation-simulation.hpp" />
    <ClInclude Include="filling\structure\network-filling.hpp" />
    <ClInclude Include="filling\structure\node-filling.hpp" />
    <ClInclude Include="filling\structure\node-filling-definition.hpp" />
    <ClInclude Include="filling\network-filling-matrix.hpp" />
    <ClInclude Include="filling\network-filling-matrix-alteration.hpp" />
    <ClInclude Include="configuration\threshold-configuration.hpp" />
    <ClInclude Include="scheduling\flow-relocation-scheduler.hpp" />
    <ClInclude Include="decision-making\fill-greedy-algorithm.hpp" />
    <ClInclude Include="configuration\operation-time-configuration.hpp" />
    <ClInclude Include="configuration\scheduling-space-configuration.hpp" />
    <ClInclude Include="configuration\scheduling-configuration.hpp" />
    <ClInclude Include="configuration\relocation-scheduling-configuration.hpp" />
    <ClInclude Include="configuration\simulation-configuration.hpp" />
    <ClInclude Include="decision-making\path-greedy-algorithm.hpp" />
    <ClInclude Include="relocation\decision\fill-decision-applier.hpp" />
    <ClInclude Include="relocation\decision\path-decision-applier.hpp" />
    <ClInclude Include="decision-making\decision\fill-decision.hpp" />
    <ClInclude Include="decision-making\decision\path-decision.hpp" />
    <ClInclude Include="relocation\relocation-operation.hpp" />
    <ClInclude Include="relocation\decision\decision-applier.hpp" />
  </ItemGroup>
  <ItemGroup>
    <ClCompile Include="test\_.cpp" />
  </ItemGroup>
</Project>