<?xml version="1.0" encoding="utf-8"?>
<Project ToolsVersion="4.0" xmlns="http://schemas.microsoft.com/developer/msbuild/2003">
  <ItemGroup>
    <None Include="rides\ride.hpp" />
  </ItemGroup>
  <ItemGroup>
    <ClInclude Include="rides\utils\ride-reader.hpp" />
    <ClInclude Include="flow-time\utils\flow-time-matrices-reader.hpp" />
    <ClInclude Include="demand\demand-prediction.hpp" />
    <ClInclude Include="supply\supply-prediction.hpp" />
    <ClInclude Include="supply\supply-prediction-distribution.hpp" />
    <ClInclude Include="flow-time\flow-time-prediction.hpp" />
    <ClInclude Include="flow-time\flow-time-prediction-matrix.hpp" />
    <ClInclude Include="supply\supply-prediction-matrix.hpp" />
    <ClInclude Include="demand\demand-prediction-frame.hpp" />
    <ClInclude Include="flow\flow-action.hpp" />
    <ClInclude Include="flow\flow-instance.hpp" />
    <ClInclude Include="flow\flow-target.hpp" />
    <ClInclude Include="fill-level\fill-level-prediction.hpp" />
    <ClInclude Include="fill-level\fill-level-prediction-frame.hpp" />
    <ClInclude Include="fill-level\utils\fill-level-prediction-reader.hpp" />
    <ClInclude Include="time\day.hpp" />
    <ClInclude Include="day-distance\day-distance-function.hpp" />
    <ClInclude Include="day-distance\utils\day-distance-functions-reader.hpp" />
    <ClInclude Include="relocation\relocation-unit.hpp" />
    <ClInclude Include="relocation\relocation-team.hpp" />
    <ClInclude Include="fill-level-distribution\fill-level-distribution-prediction.hpp" />
    <ClInclude Include="fill-level-distribution\fill-level-distribution-prediction-frame.hpp" />
    <ClInclude Include="fill-level-distribution\fill-level-distribution-prediction-node.hpp" />
    <ClInclude Include="fill-level-distribution\fill-level-distribution-prediction-alteration.hpp" />
    <ClInclude Include="relocation\relocation-operation.hpp" />
    <ClInclude Include="relocation\relocation-schedule.hpp" />
    <ClInclude Include="demand\utils\cumulative-demand-prediction-reader.hpp" />
    <ClInclude Include="demand\cumulative-demand-prediction-frame.hpp" />
    <ClInclude Include="demand\cumulative-demand-prediction.hpp" />
  </ItemGroup>
  <ItemGroup>
    <ClCompile Include="test\_.cpp" />
  </ItemGroup>
</Project>