<?xml version="1.0" encoding="utf-8"?>
<Project ToolsVersion="4.0" xmlns="http://schemas.microsoft.com/developer/msbuild/2003">
  <ItemGroup>
    <None Include="rides\ride.hpp" />
  </ItemGroup>
  <ItemGroup>
    <ClInclude Include="features\features-reader.hpp" />
    <ClInclude Include="rides\utils\ride-reader.hpp" />
    <ClInclude Include="predictions\utils\prediction-writer.hpp" />
    <ClInclude Include="distance\distance-function.hpp" />
    <ClInclude Include="common\day.hpp" />
    <ClInclude Include="distance\utils\distance-functions-reader.hpp" />
    <ClInclude Include="flow-time\flow-time-matrix.hpp" />
    <ClInclude Include="flow-time\flow-time-matrix-offset.hpp" />
    <ClInclude Include="flow-time\utils\flow-time-matrices-reader.hpp" />
    <ClInclude Include="flow-time\structure\flow-time-matrix-frame.hpp" />
  </ItemGroup>
  <ItemGroup>
    <ClCompile Include="test\_.cpp" />
  </ItemGroup>
</Project>